
Microsoft Visual Studio Solution File, Format Version 12.00
# Visual Studio Version 16
VisualStudioVersion = 16.0.30907.101
MinimumVisualStudioVersion = 10.0.40219.1
Project("{9A19103F-16F7-4668-BE54-9A1E7A4F7556}") = "ConsoleProgramlama", "ConsoleProgramlama\ConsoleProgramlama.csproj", "{24DA9955-2689-47D0-A3C2-460841EB2D1E}"
EndProject
Project("{9A19103F-16F7-4668-BE54-9A1E7A4F7556}") = "Degiskenler", "Degiskenler\Degiskenler.csproj", "{171FB43F-385D-4834-8257-B03647F5E8E4}"
EndProject
Project("{9A19103F-16F7-4668-BE54-9A1E7A4F7556}") = "Operatorler", "Operatorler\Operatorler.csproj", "{A0A807CC-4399-4077-B613-C3C8CB6E2B1A}"
EndProject
Project("{9A19103F-16F7-4668-BE54-9A1E7A4F7556}") = "TipDonusumleri", "TipDonusumleri\TipDonusumleri.csproj", "{C4520ACB-7EAD-4980-A61C-56B6F891D5A7}"
EndProject
Project("{9A19103F-16F7-4668-BE54-9A1E7A4F7556}") = "Try-Catch-Finally", "Try-Catch-Finally\Try-Catch-Finally.csproj", "{A8E2D831-1503-45B1-8521-7311A4AB8FFC}"
EndProject
Project("{9A19103F-16F7-4668-BE54-9A1E7A4F7556}") = "If-Else-Ternary", "If-Else-Ternary\If-Else-Ternary.csproj", "{609A88F8-D0A1-473C-A9CD-EC9AD0D8F9EE}"
EndProject
Project("{9A19103F-16F7-4668-BE54-9A1E7A4F7556}") = "Switch-Case", "Switch-Case\Switch-Case.csproj", "{DA6C3E99-7B0F-4AB6-869F-B417ECC7243F}"
EndProject
Project("{9A19103F-16F7-4668-BE54-9A1E7A4F7556}") = "For Loop ve Break Continue", "For Loop ve Break Continue\For Loop ve Break Continue.csproj", "{9300F665-3E2A-460A-A8FA-0872C7B18725}"
EndProject
Project("{9A19103F-16F7-4668-BE54-9A1E7A4F7556}") = "While_ve_ForEach", "While_ve_ForEach\While_ve_ForEach.csproj", "{D0EA15C0-C901-4DC6-B624-26FCB5C3697C}"
EndProject
Project("{9A19103F-16F7-4668-BE54-9A1E7A4F7556}") = "Diziler", "Diziler\Diziler.csproj", "{CD78C88A-AB76-4FF7-89F9-0EC796F9DD84}"
EndProject
Project("{9A19103F-16F7-4668-BE54-9A1E7A4F7556}") = "ArraySinifMethodlari", "ArraySinifMethodlari\ArraySinifMethodlari.csproj", "{371BE08C-FF6E-464F-9163-C4BA8B5E7DDB}"
EndProject
Project("{9A19103F-16F7-4668-BE54-9A1E7A4F7556}") = "Gecici", "Gecici\Gecici.csproj", "{E3CE1052-7F6C-4657-9EE2-E5156F15B724}"
EndProject
Project("{9A19103F-16F7-4668-BE54-9A1E7A4F7556}") = "Metot Tanimlama", "Metot Tanimlama\Metot Tanimlama.csproj", "{5D44DB61-6F2C-4C39-BB14-7235D56CE659}"
EndProject
Project("{9A19103F-16F7-4668-BE54-9A1E7A4F7556}") = "Metotlar-Overloading", "Metotlar-Overloading\Metotlar-Overloading.csproj", "{9D06E4FF-5AB3-4B42-AC61-578B32C3183B}"
EndProject
Project("{9A19103F-16F7-4668-BE54-9A1E7A4F7556}") = "Metotlar - Recursive Extension Metotlar", "Metotlar - Recursive Extension Metotlar\Metotlar - Recursive Extension Metotlar.csproj", "{EDA12C33-F781-4E5E-B4F8-C7E098AFDB74}"
EndProject
Project("{9A19103F-16F7-4668-BE54-9A1E7A4F7556}") = "DortSoruBirOdev", "DortSoruBirOdev\DortSoruBirOdev.csproj", "{3E087790-DBE0-4182-AE06-42A4E9C1EE37}"
EndProject
Project("{9A19103F-16F7-4668-BE54-9A1E7A4F7556}") = "StringMethodlar", "StringMethodlar\StringMethodlar.csproj", "{A608DC8F-EBEE-4FCD-864F-7F6C9B2FBCBF}"
EndProject
Project("{9A19103F-16F7-4668-BE54-9A1E7A4F7556}") = "Datetime ve Math Siniflari", "Datetime ve Math Siniflari\Datetime ve Math Siniflari.csproj", "{64AFC8B7-F46A-4460-B27F-34C99A79F03E}"
EndProject
Project("{9A19103F-16F7-4668-BE54-9A1E7A4F7556}") = "HackerRank-TimeConversion", "HackerRank-TimeConversion\HackerRank-TimeConversion.csproj", "{85C8D8A3-A10A-42B3-B9F4-BA7060E71574}"
EndProject
Project("{9A19103F-16F7-4668-BE54-9A1E7A4F7556}") = "Koleksiyon(Collections)", "Koleksiyon(Collections)\Koleksiyon(Collections).csproj", "{DC7D7F67-85D8-48CA-85E0-D0D0AA9A210A}"
EndProject
Project("{9A19103F-16F7-4668-BE54-9A1E7A4F7556}") = "Generic Koleksiyonlar", "Generic Koleksiyonlar\Generic Koleksiyonlar.csproj", "{5E9AA0CB-C716-4A1B-9955-93BA36C921B6}"
EndProject
Project("{FAE04EC0-301F-11D3-BF4B-00C04F79EFBC}") = "ArrayList", "ArrayList\ArrayList.csproj", "{C3DB7AC5-E016-498D-B4D5-775817C500F4}"
EndProject
Project("{FAE04EC0-301F-11D3-BF4B-00C04F79EFBC}") = "Dictionary", "Dictionary\Dictionary.csproj", "{DFF55CF7-FA1E-4803-877C-32E78DE9BB66}"
EndProject
Project("{FAE04EC0-301F-11D3-BF4B-00C04F79EFBC}") = "UcSoruBirOdev-Odev2", "UcSoruBirOdev-Odev2\UcSoruBirOdev-Odev2.csproj", "{20382805-F203-4904-A1DC-9F26E315B0BE}"
EndProject
Project("{FAE04EC0-301F-11D3-BF4B-00C04F79EFBC}") = "Deneme", "Deneme\Deneme.csproj", "{3EC50857-5281-489F-96DD-C031AFBEFBCF}"
EndProject
Project("{FAE04EC0-301F-11D3-BF4B-00C04F79EFBC}") = "Constructor Kavrami", "Constructor Kavrami\Constructor Kavrami.csproj", "{B842019F-5973-4942-B887-C76525685979}"
EndProject
Project("{FAE04EC0-301F-11D3-BF4B-00C04F79EFBC}") = "Telefon Rehberi Uygulaması", "Telefon Rehberi Uygulaması\Telefon Rehberi Uygulaması.csproj", "{7C86ACC4-C72F-40BC-96BA-AE72B1569F2A}"
EndProject
Global
	GlobalSection(SolutionConfigurationPlatforms) = preSolution
		Debug|Any CPU = Debug|Any CPU
		Release|Any CPU = Release|Any CPU
	EndGlobalSection
	GlobalSection(ProjectConfigurationPlatforms) = postSolution
		{24DA9955-2689-47D0-A3C2-460841EB2D1E}.Debug|Any CPU.ActiveCfg = Debug|Any CPU
		{24DA9955-2689-47D0-A3C2-460841EB2D1E}.Debug|Any CPU.Build.0 = Debug|Any CPU
		{24DA9955-2689-47D0-A3C2-460841EB2D1E}.Release|Any CPU.ActiveCfg = Release|Any CPU
		{24DA9955-2689-47D0-A3C2-460841EB2D1E}.Release|Any CPU.Build.0 = Release|Any CPU
		{171FB43F-385D-4834-8257-B03647F5E8E4}.Debug|Any CPU.ActiveCfg = Debug|Any CPU
		{171FB43F-385D-4834-8257-B03647F5E8E4}.Debug|Any CPU.Build.0 = Debug|Any CPU
		{171FB43F-385D-4834-8257-B03647F5E8E4}.Release|Any CPU.ActiveCfg = Release|Any CPU
		{171FB43F-385D-4834-8257-B03647F5E8E4}.Release|Any CPU.Build.0 = Release|Any CPU
		{A0A807CC-4399-4077-B613-C3C8CB6E2B1A}.Debug|Any CPU.ActiveCfg = Debug|Any CPU
		{A0A807CC-4399-4077-B613-C3C8CB6E2B1A}.Debug|Any CPU.Build.0 = Debug|Any CPU
		{A0A807CC-4399-4077-B613-C3C8CB6E2B1A}.Release|Any CPU.ActiveCfg = Release|Any CPU
		{A0A807CC-4399-4077-B613-C3C8CB6E2B1A}.Release|Any CPU.Build.0 = Release|Any CPU
		{C4520ACB-7EAD-4980-A61C-56B6F891D5A7}.Debug|Any CPU.ActiveCfg = Debug|Any CPU
		{C4520ACB-7EAD-4980-A61C-56B6F891D5A7}.Debug|Any CPU.Build.0 = Debug|Any CPU
		{C4520ACB-7EAD-4980-A61C-56B6F891D5A7}.Release|Any CPU.ActiveCfg = Release|Any CPU
		{C4520ACB-7EAD-4980-A61C-56B6F891D5A7}.Release|Any CPU.Build.0 = Release|Any CPU
		{A8E2D831-1503-45B1-8521-7311A4AB8FFC}.Debug|Any CPU.ActiveCfg = Debug|Any CPU
		{A8E2D831-1503-45B1-8521-7311A4AB8FFC}.Debug|Any CPU.Build.0 = Debug|Any CPU
		{A8E2D831-1503-45B1-8521-7311A4AB8FFC}.Release|Any CPU.ActiveCfg = Release|Any CPU
		{A8E2D831-1503-45B1-8521-7311A4AB8FFC}.Release|Any CPU.Build.0 = Release|Any CPU
		{609A88F8-D0A1-473C-A9CD-EC9AD0D8F9EE}.Debug|Any CPU.ActiveCfg = Debug|Any CPU
		{609A88F8-D0A1-473C-A9CD-EC9AD0D8F9EE}.Debug|Any CPU.Build.0 = Debug|Any CPU
		{609A88F8-D0A1-473C-A9CD-EC9AD0D8F9EE}.Release|Any CPU.ActiveCfg = Release|Any CPU
		{609A88F8-D0A1-473C-A9CD-EC9AD0D8F9EE}.Release|Any CPU.Build.0 = Release|Any CPU
		{DA6C3E99-7B0F-4AB6-869F-B417ECC7243F}.Debug|Any CPU.ActiveCfg = Debug|Any CPU
		{DA6C3E99-7B0F-4AB6-869F-B417ECC7243F}.Debug|Any CPU.Build.0 = Debug|Any CPU
		{DA6C3E99-7B0F-4AB6-869F-B417ECC7243F}.Release|Any CPU.ActiveCfg = Release|Any CPU
		{DA6C3E99-7B0F-4AB6-869F-B417ECC7243F}.Release|Any CPU.Build.0 = Release|Any CPU
		{9300F665-3E2A-460A-A8FA-0872C7B18725}.Debug|Any CPU.ActiveCfg = Debug|Any CPU
		{9300F665-3E2A-460A-A8FA-0872C7B18725}.Debug|Any CPU.Build.0 = Debug|Any CPU
		{9300F665-3E2A-460A-A8FA-0872C7B18725}.Release|Any CPU.ActiveCfg = Release|Any CPU
		{9300F665-3E2A-460A-A8FA-0872C7B18725}.Release|Any CPU.Build.0 = Release|Any CPU
		{D0EA15C0-C901-4DC6-B624-26FCB5C3697C}.Debug|Any CPU.ActiveCfg = Debug|Any CPU
		{D0EA15C0-C901-4DC6-B624-26FCB5C3697C}.Debug|Any CPU.Build.0 = Debug|Any CPU
		{D0EA15C0-C901-4DC6-B624-26FCB5C3697C}.Release|Any CPU.ActiveCfg = Release|Any CPU
		{D0EA15C0-C901-4DC6-B624-26FCB5C3697C}.Release|Any CPU.Build.0 = Release|Any CPU
		{CD78C88A-AB76-4FF7-89F9-0EC796F9DD84}.Debug|Any CPU.ActiveCfg = Debug|Any CPU
		{CD78C88A-AB76-4FF7-89F9-0EC796F9DD84}.Debug|Any CPU.Build.0 = Debug|Any CPU
		{CD78C88A-AB76-4FF7-89F9-0EC796F9DD84}.Release|Any CPU.ActiveCfg = Release|Any CPU
		{CD78C88A-AB76-4FF7-89F9-0EC796F9DD84}.Release|Any CPU.Build.0 = Release|Any CPU
		{371BE08C-FF6E-464F-9163-C4BA8B5E7DDB}.Debug|Any CPU.ActiveCfg = Debug|Any CPU
		{371BE08C-FF6E-464F-9163-C4BA8B5E7DDB}.Debug|Any CPU.Build.0 = Debug|Any CPU
		{371BE08C-FF6E-464F-9163-C4BA8B5E7DDB}.Release|Any CPU.ActiveCfg = Release|Any CPU
		{371BE08C-FF6E-464F-9163-C4BA8B5E7DDB}.Release|Any CPU.Build.0 = Release|Any CPU
		{E3CE1052-7F6C-4657-9EE2-E5156F15B724}.Debug|Any CPU.ActiveCfg = Debug|Any CPU
		{E3CE1052-7F6C-4657-9EE2-E5156F15B724}.Debug|Any CPU.Build.0 = Debug|Any CPU
		{E3CE1052-7F6C-4657-9EE2-E5156F15B724}.Release|Any CPU.ActiveCfg = Release|Any CPU
		{E3CE1052-7F6C-4657-9EE2-E5156F15B724}.Release|Any CPU.Build.0 = Release|Any CPU
		{5D44DB61-6F2C-4C39-BB14-7235D56CE659}.Debug|Any CPU.ActiveCfg = Debug|Any CPU
		{5D44DB61-6F2C-4C39-BB14-7235D56CE659}.Debug|Any CPU.Build.0 = Debug|Any CPU
		{5D44DB61-6F2C-4C39-BB14-7235D56CE659}.Release|Any CPU.ActiveCfg = Release|Any CPU
		{5D44DB61-6F2C-4C39-BB14-7235D56CE659}.Release|Any CPU.Build.0 = Release|Any CPU
		{9D06E4FF-5AB3-4B42-AC61-578B32C3183B}.Debug|Any CPU.ActiveCfg = Debug|Any CPU
		{9D06E4FF-5AB3-4B42-AC61-578B32C3183B}.Debug|Any CPU.Build.0 = Debug|Any CPU
		{9D06E4FF-5AB3-4B42-AC61-578B32C3183B}.Release|Any CPU.ActiveCfg = Release|Any CPU
		{9D06E4FF-5AB3-4B42-AC61-578B32C3183B}.Release|Any CPU.Build.0 = Release|Any CPU
		{EDA12C33-F781-4E5E-B4F8-C7E098AFDB74}.Debug|Any CPU.ActiveCfg = Debug|Any CPU
		{EDA12C33-F781-4E5E-B4F8-C7E098AFDB74}.Debug|Any CPU.Build.0 = Debug|Any CPU
		{EDA12C33-F781-4E5E-B4F8-C7E098AFDB74}.Release|Any CPU.ActiveCfg = Release|Any CPU
		{EDA12C33-F781-4E5E-B4F8-C7E098AFDB74}.Release|Any CPU.Build.0 = Release|Any CPU
		{3E087790-DBE0-4182-AE06-42A4E9C1EE37}.Debug|Any CPU.ActiveCfg = Debug|Any CPU
		{3E087790-DBE0-4182-AE06-42A4E9C1EE37}.Debug|Any CPU.Build.0 = Debug|Any CPU
		{3E087790-DBE0-4182-AE06-42A4E9C1EE37}.Release|Any CPU.ActiveCfg = Release|Any CPU
		{3E087790-DBE0-4182-AE06-42A4E9C1EE37}.Release|Any CPU.Build.0 = Release|Any CPU
		{A608DC8F-EBEE-4FCD-864F-7F6C9B2FBCBF}.Debug|Any CPU.ActiveCfg = Debug|Any CPU
		{A608DC8F-EBEE-4FCD-864F-7F6C9B2FBCBF}.Debug|Any CPU.Build.0 = Debug|Any CPU
		{A608DC8F-EBEE-4FCD-864F-7F6C9B2FBCBF}.Release|Any CPU.ActiveCfg = Release|Any CPU
		{A608DC8F-EBEE-4FCD-864F-7F6C9B2FBCBF}.Release|Any CPU.Build.0 = Release|Any CPU
		{64AFC8B7-F46A-4460-B27F-34C99A79F03E}.Debug|Any CPU.ActiveCfg = Debug|Any CPU
		{64AFC8B7-F46A-4460-B27F-34C99A79F03E}.Debug|Any CPU.Build.0 = Debug|Any CPU
		{64AFC8B7-F46A-4460-B27F-34C99A79F03E}.Release|Any CPU.ActiveCfg = Release|Any CPU
		{64AFC8B7-F46A-4460-B27F-34C99A79F03E}.Release|Any CPU.Build.0 = Release|Any CPU
		{85C8D8A3-A10A-42B3-B9F4-BA7060E71574}.Debug|Any CPU.ActiveCfg = Debug|Any CPU
		{85C8D8A3-A10A-42B3-B9F4-BA7060E71574}.Debug|Any CPU.Build.0 = Debug|Any CPU
		{85C8D8A3-A10A-42B3-B9F4-BA7060E71574}.Release|Any CPU.ActiveCfg = Release|Any CPU
		{85C8D8A3-A10A-42B3-B9F4-BA7060E71574}.Release|Any CPU.Build.0 = Release|Any CPU
		{DC7D7F67-85D8-48CA-85E0-D0D0AA9A210A}.Debug|Any CPU.ActiveCfg = Debug|Any CPU
		{DC7D7F67-85D8-48CA-85E0-D0D0AA9A210A}.Debug|Any CPU.Build.0 = Debug|Any CPU
		{DC7D7F67-85D8-48CA-85E0-D0D0AA9A210A}.Release|Any CPU.ActiveCfg = Release|Any CPU
		{DC7D7F67-85D8-48CA-85E0-D0D0AA9A210A}.Release|Any CPU.Build.0 = Release|Any CPU
		{5E9AA0CB-C716-4A1B-9955-93BA36C921B6}.Debug|Any CPU.ActiveCfg = Debug|Any CPU
		{5E9AA0CB-C716-4A1B-9955-93BA36C921B6}.Debug|Any CPU.Build.0 = Debug|Any CPU
		{5E9AA0CB-C716-4A1B-9955-93BA36C921B6}.Release|Any CPU.ActiveCfg = Release|Any CPU
		{5E9AA0CB-C716-4A1B-9955-93BA36C921B6}.Release|Any CPU.Build.0 = Release|Any CPU
		{C3DB7AC5-E016-498D-B4D5-775817C500F4}.Debug|Any CPU.ActiveCfg = Debug|Any CPU
		{C3DB7AC5-E016-498D-B4D5-775817C500F4}.Debug|Any CPU.Build.0 = Debug|Any CPU
		{C3DB7AC5-E016-498D-B4D5-775817C500F4}.Release|Any CPU.ActiveCfg = Release|Any CPU
		{C3DB7AC5-E016-498D-B4D5-775817C500F4}.Release|Any CPU.Build.0 = Release|Any CPU
		{DFF55CF7-FA1E-4803-877C-32E78DE9BB66}.Debug|Any CPU.ActiveCfg = Debug|Any CPU
		{DFF55CF7-FA1E-4803-877C-32E78DE9BB66}.Debug|Any CPU.Build.0 = Debug|Any CPU
		{DFF55CF7-FA1E-4803-877C-32E78DE9BB66}.Release|Any CPU.ActiveCfg = Release|Any CPU
		{DFF55CF7-FA1E-4803-877C-32E78DE9BB66}.Release|Any CPU.Build.0 = Release|Any CPU
		{20382805-F203-4904-A1DC-9F26E315B0BE}.Debug|Any CPU.ActiveCfg = Debug|Any CPU
		{20382805-F203-4904-A1DC-9F26E315B0BE}.Debug|Any CPU.Build.0 = Debug|Any CPU
		{20382805-F203-4904-A1DC-9F26E315B0BE}.Release|Any CPU.ActiveCfg = Release|Any CPU
		{20382805-F203-4904-A1DC-9F26E315B0BE}.Release|Any CPU.Build.0 = Release|Any CPU
		{3EC50857-5281-489F-96DD-C031AFBEFBCF}.Debug|Any CPU.ActiveCfg = Debug|Any CPU
		{3EC50857-5281-489F-96DD-C031AFBEFBCF}.Debug|Any CPU.Build.0 = Debug|Any CPU
		{3EC50857-5281-489F-96DD-C031AFBEFBCF}.Release|Any CPU.ActiveCfg = Release|Any CPU
		{3EC50857-5281-489F-96DD-C031AFBEFBCF}.Release|Any CPU.Build.0 = Release|Any CPU
		{B842019F-5973-4942-B887-C76525685979}.Debug|Any CPU.ActiveCfg = Debug|Any CPU
		{B842019F-5973-4942-B887-C76525685979}.Debug|Any CPU.Build.0 = Debug|Any CPU
		{B842019F-5973-4942-B887-C76525685979}.Release|Any CPU.ActiveCfg = Release|Any CPU
		{B842019F-5973-4942-B887-C76525685979}.Release|Any CPU.Build.0 = Release|Any CPU
		{7C86ACC4-C72F-40BC-96BA-AE72B1569F2A}.Debug|Any CPU.ActiveCfg = Debug|Any CPU
		{7C86ACC4-C72F-40BC-96BA-AE72B1569F2A}.Debug|Any CPU.Build.0 = Debug|Any CPU
		{7C86ACC4-C72F-40BC-96BA-AE72B1569F2A}.Release|Any CPU.ActiveCfg = Release|Any CPU
		{7C86ACC4-C72F-40BC-96BA-AE72B1569F2A}.Release|Any CPU.Build.0 = Release|Any CPU
	EndGlobalSection
	GlobalSection(SolutionProperties) = preSolution
		HideSolutionNode = FALSE
	EndGlobalSection
	GlobalSection(ExtensibilityGlobals) = postSolution
		SolutionGuid = {1D35C59A-6908-4073-A52A-A2992C7F0835}
	EndGlobalSection
EndGlobal
